
Microsoft Visual Studio Solution File, Format Version 12.00
# Visual Studio Version 16
VisualStudioVersion = 16.0.31729.503
MinimumVisualStudioVersion = 10.0.40219.1
Project("{FAE04EC0-301F-11D3-BF4B-00C04F79EFBC}") = "Vihlop", "Vihlop\Vihlop.csproj", "{353B1909-92C4-42DF-9736-C396806E725F}"
EndProject
Project("{FAE04EC0-301F-11D3-BF4B-00C04F79EFBC}") = "UnitTest", "UnitTest\UnitTest.csproj", "{EF68FA3F-33E5-40DB-BEE9-0A9B64BA30E2}"
EndProject
Global
	GlobalSection(SolutionConfigurationPlatforms) = preSolution
		Debug|Any CPU = Debug|Any CPU
		Release|Any CPU = Release|Any CPU
	EndGlobalSection
	GlobalSection(ProjectConfigurationPlatforms) = postSolution
		{353B1909-92C4-42DF-9736-C396806E725F}.Debug|Any CPU.ActiveCfg = Debug|Any CPU
		{353B1909-92C4-42DF-9736-C396806E725F}.Debug|Any CPU.Build.0 = Debug|Any CPU
		{353B1909-92C4-42DF-9736-C396806E725F}.Release|Any CPU.ActiveCfg = Release|Any CPU
		{353B1909-92C4-42DF-9736-C396806E725F}.Release|Any CPU.Build.0 = Release|Any CPU
		{EF68FA3F-33E5-40DB-BEE9-0A9B64BA30E2}.Debug|Any CPU.ActiveCfg = Debug|Any CPU
		{EF68FA3F-33E5-40DB-BEE9-0A9B64BA30E2}.Debug|Any CPU.Build.0 = Debug|Any CPU
		{EF68FA3F-33E5-40DB-BEE9-0A9B64BA30E2}.Release|Any CPU.ActiveCfg = Release|Any CPU
		{EF68FA3F-33E5-40DB-BEE9-0A9B64BA30E2}.Release|Any CPU.Build.0 = Release|Any CPU
	EndGlobalSection
	GlobalSection(SolutionProperties) = preSolution
		HideSolutionNode = FALSE
	EndGlobalSection
	GlobalSection(ExtensibilityGlobals) = postSolution
		SolutionGuid = {270D319C-9A2A-4059-A5AF-18E2304C2720}
	EndGlobalSection
EndGlobal
